
Microsoft Visual Studio Solution File, Format Version 12.00
# Visual Studio Version 17
VisualStudioVersion = 17.3.32901.215
MinimumVisualStudioVersion = 10.0.40219.1
Project("{FAE04EC0-301F-11D3-BF4B-00C04F79EFBC}") = "Task5", "Task5\Task5.csproj", "{5CDED88B-1DEF-4101-860C-F80C213F4C53}"
EndProject
Global
	GlobalSection(SolutionConfigurationPlatforms) = preSolution
		Debug|Any CPU = Debug|Any CPU
		Release|Any CPU = Release|Any CPU
	EndGlobalSection
	GlobalSection(ProjectConfigurationPlatforms) = postSolution
		{5CDED88B-1DEF-4101-860C-F80C213F4C53}.Debug|Any CPU.ActiveCfg = Debug|Any CPU
		{5CDED88B-1DEF-4101-860C-F80C213F4C53}.Debug|Any CPU.Build.0 = Debug|Any CPU
		{5CDED88B-1DEF-4101-860C-F80C213F4C53}.Release|Any CPU.ActiveCfg = Release|Any CPU
		{5CDED88B-1DEF-4101-860C-F80C213F4C53}.Release|Any CPU.Build.0 = Release|Any CPU
	EndGlobalSection
	GlobalSection(SolutionProperties) = preSolution
		HideSolutionNode = FALSE
	EndGlobalSection
	GlobalSection(ExtensibilityGlobals) = postSolution
		SolutionGuid = {886B174C-F5DD-4632-8918-663FC12AF6D6}
	EndGlobalSection
EndGlobal
